// !$*UTF8*$!
{
	archiveVersion = 1;
	classes = {
	};
	objectVersion = 56;
	objects = {

/* Begin PBXBuildFile section */
		AF11CA1E2AB7B67800BB21C9 /* BadgeView.swift in Sources */ = {isa = PBXBuildFile; fileRef = AF11CA1D2AB7B67800BB21C9 /* BadgeView.swift */; };
		AF11CA222AB83F8B00BB21C9 /* TroshkoData.xcdatamodeld in Sources */ = {isa = PBXBuildFile; fileRef = AF11CA202AB83F8B00BB21C9 /* TroshkoData.xcdatamodeld */; };
		AF11CA292AB840C700BB21C9 /* CoreDataManager.swift in Sources */ = {isa = PBXBuildFile; fileRef = AF11CA282AB840C700BB21C9 /* CoreDataManager.swift */; };
		AFB988162AB8D9240068EC3B /* Category+CoreDataClass.swift in Sources */ = {isa = PBXBuildFile; fileRef = AFB988122AB8D9240068EC3B /* Category+CoreDataClass.swift */; };
		AFB988172AB8D9240068EC3B /* Category+CoreDataProperties.swift in Sources */ = {isa = PBXBuildFile; fileRef = AFB988132AB8D9240068EC3B /* Category+CoreDataProperties.swift */; };
		AFB9881D2AB8DB2A0068EC3B /* ExpensesViewModel.swift in Sources */ = {isa = PBXBuildFile; fileRef = AFB9881C2AB8DB2A0068EC3B /* ExpensesViewModel.swift */; };
		AFB9881F2AB8E3220068EC3B /* Float + Extensions.swift in Sources */ = {isa = PBXBuildFile; fileRef = AFB9881E2AB8E3220068EC3B /* Float + Extensions.swift */; };
		AFC239EF2ABCA24900384EE7 /* Date + Extensions.swift in Sources */ = {isa = PBXBuildFile; fileRef = AFC239EE2ABCA24900384EE7 /* Date + Extensions.swift */; };
		AFC958312AB8BB48000D6C0B /* CategoriesViewModel.swift in Sources */ = {isa = PBXBuildFile; fileRef = AFC958302AB8BB48000D6C0B /* CategoriesViewModel.swift */; };
		AFC958322AB8BB8B000D6C0B /* String + Extensions.swift in Sources */ = {isa = PBXBuildFile; fileRef = AFFECE7E2AB79AEC003FE8B9 /* String + Extensions.swift */; };
		AFC958542AB8D34A000D6C0B /* AddExpensesViewModel.swift in Sources */ = {isa = PBXBuildFile; fileRef = AFC958532AB8D34A000D6C0B /* AddExpensesViewModel.swift */; };
		AFFAD6C02ABD12F100887B5D /* Expense+CoreDataClass.swift in Sources */ = {isa = PBXBuildFile; fileRef = AFFAD6BE2ABD12F100887B5D /* Expense+CoreDataClass.swift */; };
		AFFAD6C12ABD12F100887B5D /* Expense+CoreDataProperties.swift in Sources */ = {isa = PBXBuildFile; fileRef = AFFAD6BF2ABD12F100887B5D /* Expense+CoreDataProperties.swift */; };
		AFFECE512AB79097003FE8B9 /* TroshkoApp.swift in Sources */ = {isa = PBXBuildFile; fileRef = AFFECE502AB79097003FE8B9 /* TroshkoApp.swift */; };
		AFFECE552AB79098003FE8B9 /* Assets.xcassets in Resources */ = {isa = PBXBuildFile; fileRef = AFFECE542AB79098003FE8B9 /* Assets.xcassets */; };
		AFFECE582AB79098003FE8B9 /* Preview Assets.xcassets in Resources */ = {isa = PBXBuildFile; fileRef = AFFECE572AB79098003FE8B9 /* Preview Assets.xcassets */; };
		AFFECE6A2AB7926D003FE8B9 /* MainView.swift in Sources */ = {isa = PBXBuildFile; fileRef = AFFECE692AB7926D003FE8B9 /* MainView.swift */; };
		AFFECE6C2AB792BB003FE8B9 /* ExpensesView.swift in Sources */ = {isa = PBXBuildFile; fileRef = AFFECE6B2AB792BB003FE8B9 /* ExpensesView.swift */; };
		AFFECE6E2AB792D1003FE8B9 /* CategoriesView.swift in Sources */ = {isa = PBXBuildFile; fileRef = AFFECE6D2AB792D1003FE8B9 /* CategoriesView.swift */; };
		AFFECE752AB79A97003FE8B9 /* Localizable.strings in Resources */ = {isa = PBXBuildFile; fileRef = AFFECE772AB79A97003FE8B9 /* Localizable.strings */; };
		AFFECE7A2AB79AA4003FE8B9 /* Localizable.strings in Resources */ = {isa = PBXBuildFile; fileRef = AFFECE7C2AB79AA4003FE8B9 /* Localizable.strings */; };
		AFFECE832AB7A2B4003FE8B9 /* ExpenseItemView.swift in Sources */ = {isa = PBXBuildFile; fileRef = AFFECE822AB7A2B4003FE8B9 /* ExpenseItemView.swift */; };
		AFFECE862AB7A575003FE8B9 /* AddExpensesView.swift in Sources */ = {isa = PBXBuildFile; fileRef = AFFECE852AB7A575003FE8B9 /* AddExpensesView.swift */; };
/* End PBXBuildFile section */

/* Begin PBXFileReference section */
		AF11CA1D2AB7B67800BB21C9 /* BadgeView.swift */ = {isa = PBXFileReference; lastKnownFileType = sourcecode.swift; path = BadgeView.swift; sourceTree = "<group>"; };
		AF11CA212AB83F8B00BB21C9 /* TroshkoData.xcdatamodel */ = {isa = PBXFileReference; lastKnownFileType = wrapper.xcdatamodel; path = TroshkoData.xcdatamodel; sourceTree = "<group>"; };
		AF11CA282AB840C700BB21C9 /* CoreDataManager.swift */ = {isa = PBXFileReference; lastKnownFileType = sourcecode.swift; path = CoreDataManager.swift; sourceTree = "<group>"; };
		AFB988122AB8D9240068EC3B /* Category+CoreDataClass.swift */ = {isa = PBXFileReference; lastKnownFileType = sourcecode.swift; path = "Category+CoreDataClass.swift"; sourceTree = "<group>"; };
		AFB988132AB8D9240068EC3B /* Category+CoreDataProperties.swift */ = {isa = PBXFileReference; lastKnownFileType = sourcecode.swift; path = "Category+CoreDataProperties.swift"; sourceTree = "<group>"; };
		AFB9881C2AB8DB2A0068EC3B /* ExpensesViewModel.swift */ = {isa = PBXFileReference; lastKnownFileType = sourcecode.swift; path = ExpensesViewModel.swift; sourceTree = "<group>"; };
		AFB9881E2AB8E3220068EC3B /* Float + Extensions.swift */ = {isa = PBXFileReference; lastKnownFileType = sourcecode.swift; path = "Float + Extensions.swift"; sourceTree = "<group>"; };
		AFC239EE2ABCA24900384EE7 /* Date + Extensions.swift */ = {isa = PBXFileReference; lastKnownFileType = sourcecode.swift; path = "Date + Extensions.swift"; sourceTree = "<group>"; };
		AFC958302AB8BB48000D6C0B /* CategoriesViewModel.swift */ = {isa = PBXFileReference; lastKnownFileType = sourcecode.swift; path = CategoriesViewModel.swift; sourceTree = "<group>"; };
		AFC958532AB8D34A000D6C0B /* AddExpensesViewModel.swift */ = {isa = PBXFileReference; lastKnownFileType = sourcecode.swift; path = AddExpensesViewModel.swift; sourceTree = "<group>"; };
		AFFAD6BE2ABD12F100887B5D /* Expense+CoreDataClass.swift */ = {isa = PBXFileReference; lastKnownFileType = sourcecode.swift; path = "Expense+CoreDataClass.swift"; sourceTree = SOURCE_ROOT; };
		AFFAD6BF2ABD12F100887B5D /* Expense+CoreDataProperties.swift */ = {isa = PBXFileReference; lastKnownFileType = sourcecode.swift; path = "Expense+CoreDataProperties.swift"; sourceTree = SOURCE_ROOT; };
		AFFECE4D2AB79097003FE8B9 /* Troshko.app */ = {isa = PBXFileReference; explicitFileType = wrapper.application; includeInIndex = 0; path = Troshko.app; sourceTree = BUILT_PRODUCTS_DIR; };
		AFFECE502AB79097003FE8B9 /* TroshkoApp.swift */ = {isa = PBXFileReference; lastKnownFileType = sourcecode.swift; path = TroshkoApp.swift; sourceTree = "<group>"; };
		AFFECE542AB79098003FE8B9 /* Assets.xcassets */ = {isa = PBXFileReference; lastKnownFileType = folder.assetcatalog; path = Assets.xcassets; sourceTree = "<group>"; };
		AFFECE572AB79098003FE8B9 /* Preview Assets.xcassets */ = {isa = PBXFileReference; lastKnownFileType = folder.assetcatalog; path = "Preview Assets.xcassets"; sourceTree = "<group>"; };
		AFFECE692AB7926D003FE8B9 /* MainView.swift */ = {isa = PBXFileReference; lastKnownFileType = sourcecode.swift; path = MainView.swift; sourceTree = "<group>"; };
		AFFECE6B2AB792BB003FE8B9 /* ExpensesView.swift */ = {isa = PBXFileReference; lastKnownFileType = sourcecode.swift; path = ExpensesView.swift; sourceTree = "<group>"; };
		AFFECE6D2AB792D1003FE8B9 /* CategoriesView.swift */ = {isa = PBXFileReference; lastKnownFileType = sourcecode.swift; path = CategoriesView.swift; sourceTree = "<group>"; };
		AFFECE762AB79A97003FE8B9 /* en */ = {isa = PBXFileReference; lastKnownFileType = text.plist.strings; name = en; path = en.lproj/Localizable.strings; sourceTree = "<group>"; };
		AFFECE7B2AB79AA4003FE8B9 /* bs-BA */ = {isa = PBXFileReference; lastKnownFileType = text.plist.strings; name = "bs-BA"; path = "bs-BA.lproj/Localizable.strings"; sourceTree = "<group>"; };
		AFFECE7E2AB79AEC003FE8B9 /* String + Extensions.swift */ = {isa = PBXFileReference; lastKnownFileType = sourcecode.swift; path = "String + Extensions.swift"; sourceTree = "<group>"; };
		AFFECE822AB7A2B4003FE8B9 /* ExpenseItemView.swift */ = {isa = PBXFileReference; lastKnownFileType = sourcecode.swift; path = ExpenseItemView.swift; sourceTree = "<group>"; };
		AFFECE852AB7A575003FE8B9 /* AddExpensesView.swift */ = {isa = PBXFileReference; lastKnownFileType = sourcecode.swift; path = AddExpensesView.swift; sourceTree = "<group>"; };
/* End PBXFileReference section */

/* Begin PBXFrameworksBuildPhase section */
		AFFECE4A2AB79097003FE8B9 /* Frameworks */ = {
			isa = PBXFrameworksBuildPhase;
			buildActionMask = 2147483647;
			files = (
			);
			runOnlyForDeploymentPostprocessing = 0;
		};
/* End PBXFrameworksBuildPhase section */

/* Begin PBXGroup section */
		AF11CA172AB7B0F800BB21C9 /* Models */ = {
			isa = PBXGroup;
			children = (
			);
			path = Models;
			sourceTree = "<group>";
		};
		AF11CA1C2AB7B67000BB21C9 /* Views */ = {
			isa = PBXGroup;
			children = (
				AF11CA1D2AB7B67800BB21C9 /* BadgeView.swift */,
			);
			path = Views;
			sourceTree = "<group>";
		};
		AF11CA1F2AB83DD300BB21C9 /* CoreData */ = {
			isa = PBXGroup;
			children = (
				AFB9881A2AB8D9410068EC3B /* Expenses */,
				AFB988192AB8D93E0068EC3B /* Categories */,
				AF11CA202AB83F8B00BB21C9 /* TroshkoData.xcdatamodeld */,
				AF11CA282AB840C700BB21C9 /* CoreDataManager.swift */,
			);
			path = CoreData;
			sourceTree = "<group>";
		};
		AFB988192AB8D93E0068EC3B /* Categories */ = {
			isa = PBXGroup;
			children = (
				AFB988122AB8D9240068EC3B /* Category+CoreDataClass.swift */,
				AFB988132AB8D9240068EC3B /* Category+CoreDataProperties.swift */,
			);
			path = Categories;
			sourceTree = "<group>";
		};
		AFB9881A2AB8D9410068EC3B /* Expenses */ = {
			isa = PBXGroup;
			children = (
				AFFAD6BE2ABD12F100887B5D /* Expense+CoreDataClass.swift */,
				AFFAD6BF2ABD12F100887B5D /* Expense+CoreDataProperties.swift */,
			);
			path = Expenses;
			sourceTree = "<group>";
		};
		AFB9881B2AB8DB1D0068EC3B /* ViewModel */ = {
			isa = PBXGroup;
			children = (
				AFB9881C2AB8DB2A0068EC3B /* ExpensesViewModel.swift */,
			);
			path = ViewModel;
			sourceTree = "<group>";
		};
		AFC9582F2AB8BB38000D6C0B /* ViewModel */ = {
			isa = PBXGroup;
			children = (
				AFC958302AB8BB48000D6C0B /* CategoriesViewModel.swift */,
			);
			path = ViewModel;
			sourceTree = "<group>";
		};
		AFC958522AB8D33F000D6C0B /* ViewModel */ = {
			isa = PBXGroup;
			children = (
				AFC958532AB8D34A000D6C0B /* AddExpensesViewModel.swift */,
			);
			path = ViewModel;
			sourceTree = "<group>";
		};
		AFFECE442AB79097003FE8B9 = {
			isa = PBXGroup;
			children = (
				AFFECE4F2AB79097003FE8B9 /* Troshko */,
				AFFECE4E2AB79097003FE8B9 /* Products */,
			);
			sourceTree = "<group>";
		};
		AFFECE4E2AB79097003FE8B9 /* Products */ = {
			isa = PBXGroup;
			children = (
				AFFECE4D2AB79097003FE8B9 /* Troshko.app */,
			);
			name = Products;
			sourceTree = "<group>";
		};
		AFFECE4F2AB79097003FE8B9 /* Troshko */ = {
			isa = PBXGroup;
			children = (
				AF11CA1F2AB83DD300BB21C9 /* CoreData */,
				AFFECE642AB79110003FE8B9 /* Resources */,
				AFFECE632AB7910D003FE8B9 /* Common */,
				AFFECE5E2AB790F0003FE8B9 /* Modules */,
				AFFECE502AB79097003FE8B9 /* TroshkoApp.swift */,
				AFFECE542AB79098003FE8B9 /* Assets.xcassets */,
				AFFECE562AB79098003FE8B9 /* Preview Content */,
			);
			path = Troshko;
			sourceTree = "<group>";
		};
		AFFECE562AB79098003FE8B9 /* Preview Content */ = {
			isa = PBXGroup;
			children = (
				AFFECE572AB79098003FE8B9 /* Preview Assets.xcassets */,
			);
			path = "Preview Content";
			sourceTree = "<group>";
		};
		AFFECE5E2AB790F0003FE8B9 /* Modules */ = {
			isa = PBXGroup;
			children = (
				AFFECE662AB791EA003FE8B9 /* Main */,
				AFFECE622AB79100003FE8B9 /* Chart */,
				AFFECE612AB790F8003FE8B9 /* Categories */,
				AFFECE5F2AB790F2003FE8B9 /* Expenses */,
			);
			path = Modules;
			sourceTree = "<group>";
		};
		AFFECE5F2AB790F2003FE8B9 /* Expenses */ = {
			isa = PBXGroup;
			children = (
				AFB9881B2AB8DB1D0068EC3B /* ViewModel */,
				AFFECE842AB7A568003FE8B9 /* Add expenses */,
				AFFECE802AB7A29A003FE8B9 /* Views */,
				AFFECE6B2AB792BB003FE8B9 /* ExpensesView.swift */,
			);
			path = Expenses;
			sourceTree = "<group>";
		};
		AFFECE612AB790F8003FE8B9 /* Categories */ = {
			isa = PBXGroup;
			children = (
				AFC9582F2AB8BB38000D6C0B /* ViewModel */,
				AFFECE6D2AB792D1003FE8B9 /* CategoriesView.swift */,
			);
			path = Categories;
			sourceTree = "<group>";
		};
		AFFECE622AB79100003FE8B9 /* Chart */ = {
			isa = PBXGroup;
			children = (
			);
			path = Chart;
			sourceTree = "<group>";
		};
		AFFECE632AB7910D003FE8B9 /* Common */ = {
			isa = PBXGroup;
			children = (
				AF11CA1C2AB7B67000BB21C9 /* Views */,
				AFFECE7D2AB79AE2003FE8B9 /* Extensions */,
			);
			path = Common;
			sourceTree = "<group>";
		};
		AFFECE642AB79110003FE8B9 /* Resources */ = {
			isa = PBXGroup;
			children = (
				AFFECE722AB79A84003FE8B9 /* Localization */,
			);
			path = Resources;
			sourceTree = "<group>";
		};
		AFFECE662AB791EA003FE8B9 /* Main */ = {
			isa = PBXGroup;
			children = (
				AFFECE692AB7926D003FE8B9 /* MainView.swift */,
			);
			path = Main;
			sourceTree = "<group>";
		};
		AFFECE722AB79A84003FE8B9 /* Localization */ = {
			isa = PBXGroup;
			children = (
				AFFECE772AB79A97003FE8B9 /* Localizable.strings */,
				AFFECE7C2AB79AA4003FE8B9 /* Localizable.strings */,
			);
			path = Localization;
			sourceTree = "<group>";
		};
		AFFECE7D2AB79AE2003FE8B9 /* Extensions */ = {
			isa = PBXGroup;
			children = (
				AFFECE7E2AB79AEC003FE8B9 /* String + Extensions.swift */,
				AFB9881E2AB8E3220068EC3B /* Float + Extensions.swift */,
				AFC239EE2ABCA24900384EE7 /* Date + Extensions.swift */,
			);
			path = Extensions;
			sourceTree = "<group>";
		};
		AFFECE802AB7A29A003FE8B9 /* Views */ = {
			isa = PBXGroup;
			children = (
				AFFECE822AB7A2B4003FE8B9 /* ExpenseItemView.swift */,
			);
			path = Views;
			sourceTree = "<group>";
		};
		AFFECE842AB7A568003FE8B9 /* Add expenses */ = {
			isa = PBXGroup;
			children = (
				AFC958522AB8D33F000D6C0B /* ViewModel */,
				AF11CA172AB7B0F800BB21C9 /* Models */,
				AFFECE852AB7A575003FE8B9 /* AddExpensesView.swift */,
			);
			path = "Add expenses";
			sourceTree = "<group>";
		};
/* End PBXGroup section */

/* Begin PBXNativeTarget section */
		AFFECE4C2AB79097003FE8B9 /* Troshko */ = {
			isa = PBXNativeTarget;
			buildConfigurationList = AFFECE5B2AB79098003FE8B9 /* Build configuration list for PBXNativeTarget "Troshko" */;
			buildPhases = (
				AFFECE492AB79097003FE8B9 /* Sources */,
				AFFECE4A2AB79097003FE8B9 /* Frameworks */,
				AFFECE4B2AB79097003FE8B9 /* Resources */,
			);
			buildRules = (
			);
			dependencies = (
			);
			name = Troshko;
			productName = Troshko;
			productReference = AFFECE4D2AB79097003FE8B9 /* Troshko.app */;
			productType = "com.apple.product-type.application";
		};
/* End PBXNativeTarget section */

/* Begin PBXProject section */
		AFFECE452AB79097003FE8B9 /* Project object */ = {
			isa = PBXProject;
			attributes = {
				BuildIndependentTargetsInParallel = 1;
				LastSwiftUpdateCheck = 1430;
				LastUpgradeCheck = 1430;
				TargetAttributes = {
					AFFECE4C2AB79097003FE8B9 = {
						CreatedOnToolsVersion = 14.3.1;
					};
				};
			};
			buildConfigurationList = AFFECE482AB79097003FE8B9 /* Build configuration list for PBXProject "Troshko" */;
			compatibilityVersion = "Xcode 14.0";
			developmentRegion = en;
			hasScannedForEncodings = 0;
			knownRegions = (
				en,
				Base,
				"bs-BA",
			);
			mainGroup = AFFECE442AB79097003FE8B9;
			productRefGroup = AFFECE4E2AB79097003FE8B9 /* Products */;
			projectDirPath = "";
			projectRoot = "";
			targets = (
				AFFECE4C2AB79097003FE8B9 /* Troshko */,
			);
		};
/* End PBXProject section */

/* Begin PBXResourcesBuildPhase section */
		AFFECE4B2AB79097003FE8B9 /* Resources */ = {
			isa = PBXResourcesBuildPhase;
			buildActionMask = 2147483647;
			files = (
				AFFECE582AB79098003FE8B9 /* Preview Assets.xcassets in Resources */,
				AFFECE7A2AB79AA4003FE8B9 /* Localizable.strings in Resources */,
				AFFECE752AB79A97003FE8B9 /* Localizable.strings in Resources */,
				AFFECE552AB79098003FE8B9 /* Assets.xcassets in Resources */,
			);
			runOnlyForDeploymentPostprocessing = 0;
		};
/* End PBXResourcesBuildPhase section */

/* Begin PBXSourcesBuildPhase section */
		AFFECE492AB79097003FE8B9 /* Sources */ = {
			isa = PBXSourcesBuildPhase;
			buildActionMask = 2147483647;
			files = (
				AFC958322AB8BB8B000D6C0B /* String + Extensions.swift in Sources */,
				AFC958542AB8D34A000D6C0B /* AddExpensesViewModel.swift in Sources */,
				AF11CA222AB83F8B00BB21C9 /* TroshkoData.xcdatamodeld in Sources */,
				AFFECE6A2AB7926D003FE8B9 /* MainView.swift in Sources */,
				AFFECE512AB79097003FE8B9 /* TroshkoApp.swift in Sources */,
				AFFECE6E2AB792D1003FE8B9 /* CategoriesView.swift in Sources */,
				AFFECE6C2AB792BB003FE8B9 /* ExpensesView.swift in Sources */,
				AF11CA292AB840C700BB21C9 /* CoreDataManager.swift in Sources */,
				AFFECE832AB7A2B4003FE8B9 /* ExpenseItemView.swift in Sources */,
				AFC239EF2ABCA24900384EE7 /* Date + Extensions.swift in Sources */,
				AFFAD6C12ABD12F100887B5D /* Expense+CoreDataProperties.swift in Sources */,
				AFFAD6C02ABD12F100887B5D /* Expense+CoreDataClass.swift in Sources */,
				AF11CA1E2AB7B67800BB21C9 /* BadgeView.swift in Sources */,
				AFB9881D2AB8DB2A0068EC3B /* ExpensesViewModel.swift in Sources */,
				AFC958312AB8BB48000D6C0B /* CategoriesViewModel.swift in Sources */,
				AFB9881F2AB8E3220068EC3B /* Float + Extensions.swift in Sources */,
				AFB988162AB8D9240068EC3B /* Category+CoreDataClass.swift in Sources */,
				AFFECE862AB7A575003FE8B9 /* AddExpensesView.swift in Sources */,
				AFB988172AB8D9240068EC3B /* Category+CoreDataProperties.swift in Sources */,
			);
			runOnlyForDeploymentPostprocessing = 0;
		};
/* End PBXSourcesBuildPhase section */

/* Begin PBXVariantGroup section */
		AFFECE772AB79A97003FE8B9 /* Localizable.strings */ = {
			isa = PBXVariantGroup;
			children = (
				AFFECE762AB79A97003FE8B9 /* en */,
			);
			name = Localizable.strings;
			sourceTree = "<group>";
		};
		AFFECE7C2AB79AA4003FE8B9 /* Localizable.strings */ = {
			isa = PBXVariantGroup;
			children = (
				AFFECE7B2AB79AA4003FE8B9 /* bs-BA */,
			);
			name = Localizable.strings;
			sourceTree = "<group>";
		};
/* End PBXVariantGroup section */

/* Begin XCBuildConfiguration section */
		AFFECE592AB79098003FE8B9 /* Debug */ = {
			isa = XCBuildConfiguration;
			buildSettings = {
				ALWAYS_SEARCH_USER_PATHS = NO;
				CLANG_ANALYZER_NONNULL = YES;
				CLANG_ANALYZER_NUMBER_OBJECT_CONVERSION = YES_AGGRESSIVE;
				CLANG_CXX_LANGUAGE_STANDARD = "gnu++20";
				CLANG_ENABLE_MODULES = YES;
				CLANG_ENABLE_OBJC_ARC = YES;
				CLANG_ENABLE_OBJC_WEAK = YES;
				CLANG_WARN_BLOCK_CAPTURE_AUTORELEASING = YES;
				CLANG_WARN_BOOL_CONVERSION = YES;
				CLANG_WARN_COMMA = YES;
				CLANG_WARN_CONSTANT_CONVERSION = YES;
				CLANG_WARN_DEPRECATED_OBJC_IMPLEMENTATIONS = YES;
				CLANG_WARN_DIRECT_OBJC_ISA_USAGE = YES_ERROR;
				CLANG_WARN_DOCUMENTATION_COMMENTS = YES;
				CLANG_WARN_EMPTY_BODY = YES;
				CLANG_WARN_ENUM_CONVERSION = YES;
				CLANG_WARN_INFINITE_RECURSION = YES;
				CLANG_WARN_INT_CONVERSION = YES;
				CLANG_WARN_NON_LITERAL_NULL_CONVERSION = YES;
				CLANG_WARN_OBJC_IMPLICIT_RETAIN_SELF = YES;
				CLANG_WARN_OBJC_LITERAL_CONVERSION = YES;
				CLANG_WARN_OBJC_ROOT_CLASS = YES_ERROR;
				CLANG_WARN_QUOTED_INCLUDE_IN_FRAMEWORK_HEADER = YES;
				CLANG_WARN_RANGE_LOOP_ANALYSIS = YES;
				CLANG_WARN_STRICT_PROTOTYPES = YES;
				CLANG_WARN_SUSPICIOUS_MOVE = YES;
				CLANG_WARN_UNGUARDED_AVAILABILITY = YES_AGGRESSIVE;
				CLANG_WARN_UNREACHABLE_CODE = YES;
				CLANG_WARN__DUPLICATE_METHOD_MATCH = YES;
				COPY_PHASE_STRIP = NO;
				DEBUG_INFORMATION_FORMAT = dwarf;
				ENABLE_STRICT_OBJC_MSGSEND = YES;
				ENABLE_TESTABILITY = YES;
				GCC_C_LANGUAGE_STANDARD = gnu11;
				GCC_DYNAMIC_NO_PIC = NO;
				GCC_NO_COMMON_BLOCKS = YES;
				GCC_OPTIMIZATION_LEVEL = 0;
				GCC_PREPROCESSOR_DEFINITIONS = (
					"DEBUG=1",
					"$(inherited)",
				);
				GCC_WARN_64_TO_32_BIT_CONVERSION = YES;
				GCC_WARN_ABOUT_RETURN_TYPE = YES_ERROR;
				GCC_WARN_UNDECLARED_SELECTOR = YES;
				GCC_WARN_UNINITIALIZED_AUTOS = YES_AGGRESSIVE;
				GCC_WARN_UNUSED_FUNCTION = YES;
				GCC_WARN_UNUSED_VARIABLE = YES;
				IPHONEOS_DEPLOYMENT_TARGET = 16.4;
				MTL_ENABLE_DEBUG_INFO = INCLUDE_SOURCE;
				MTL_FAST_MATH = YES;
				ONLY_ACTIVE_ARCH = YES;
				SDKROOT = iphoneos;
				SWIFT_ACTIVE_COMPILATION_CONDITIONS = DEBUG;
				SWIFT_OPTIMIZATION_LEVEL = "-Onone";
			};
			name = Debug;
		};
		AFFECE5A2AB79098003FE8B9 /* Release */ = {
			isa = XCBuildConfiguration;
			buildSettings = {
				ALWAYS_SEARCH_USER_PATHS = NO;
				CLANG_ANALYZER_NONNULL = YES;
				CLANG_ANALYZER_NUMBER_OBJECT_CONVERSION = YES_AGGRESSIVE;
				CLANG_CXX_LANGUAGE_STANDARD = "gnu++20";
				CLANG_ENABLE_MODULES = YES;
				CLANG_ENABLE_OBJC_ARC = YES;
				CLANG_ENABLE_OBJC_WEAK = YES;
				CLANG_WARN_BLOCK_CAPTURE_AUTORELEASING = YES;
				CLANG_WARN_BOOL_CONVERSION = YES;
				CLANG_WARN_COMMA = YES;
				CLANG_WARN_CONSTANT_CONVERSION = YES;
				CLANG_WARN_DEPRECATED_OBJC_IMPLEMENTATIONS = YES;
				CLANG_WARN_DIRECT_OBJC_ISA_USAGE = YES_ERROR;
				CLANG_WARN_DOCUMENTATION_COMMENTS = YES;
				CLANG_WARN_EMPTY_BODY = YES;
				CLANG_WARN_ENUM_CONVERSION = YES;
				CLANG_WARN_INFINITE_RECURSION = YES;
				CLANG_WARN_INT_CONVERSION = YES;
				CLANG_WARN_NON_LITERAL_NULL_CONVERSION = YES;
				CLANG_WARN_OBJC_IMPLICIT_RETAIN_SELF = YES;
				CLANG_WARN_OBJC_LITERAL_CONVERSION = YES;
				CLANG_WARN_OBJC_ROOT_CLASS = YES_ERROR;
				CLANG_WARN_QUOTED_INCLUDE_IN_FRAMEWORK_HEADER = YES;
				CLANG_WARN_RANGE_LOOP_ANALYSIS = YES;
				CLANG_WARN_STRICT_PROTOTYPES = YES;
				CLANG_WARN_SUSPICIOUS_MOVE = YES;
				CLANG_WARN_UNGUARDED_AVAILABILITY = YES_AGGRESSIVE;
				CLANG_WARN_UNREACHABLE_CODE = YES;
				CLANG_WARN__DUPLICATE_METHOD_MATCH = YES;
				COPY_PHASE_STRIP = NO;
				DEBUG_INFORMATION_FORMAT = "dwarf-with-dsym";
				ENABLE_NS_ASSERTIONS = NO;
				ENABLE_STRICT_OBJC_MSGSEND = YES;
				GCC_C_LANGUAGE_STANDARD = gnu11;
				GCC_NO_COMMON_BLOCKS = YES;
				GCC_WARN_64_TO_32_BIT_CONVERSION = YES;
				GCC_WARN_ABOUT_RETURN_TYPE = YES_ERROR;
				GCC_WARN_UNDECLARED_SELECTOR = YES;
				GCC_WARN_UNINITIALIZED_AUTOS = YES_AGGRESSIVE;
				GCC_WARN_UNUSED_FUNCTION = YES;
				GCC_WARN_UNUSED_VARIABLE = YES;
				IPHONEOS_DEPLOYMENT_TARGET = 16.4;
				MTL_ENABLE_DEBUG_INFO = NO;
				MTL_FAST_MATH = YES;
				SDKROOT = iphoneos;
				SWIFT_COMPILATION_MODE = wholemodule;
				SWIFT_OPTIMIZATION_LEVEL = "-O";
				VALIDATE_PRODUCT = YES;
			};
			name = Release;
		};
		AFFECE5C2AB79098003FE8B9 /* Debug */ = {
			isa = XCBuildConfiguration;
			buildSettings = {
				ASSETCATALOG_COMPILER_APPICON_NAME = AppIcon;
				ASSETCATALOG_COMPILER_GLOBAL_ACCENT_COLOR_NAME = AccentColor;
				CODE_SIGN_STYLE = Automatic;
				CURRENT_PROJECT_VERSION = 1;
				DEVELOPMENT_ASSET_PATHS = "\"Troshko/Preview Content\"";
				DEVELOPMENT_TEAM = GZ7U8T8325;
				ENABLE_PREVIEWS = YES;
				GENERATE_INFOPLIST_FILE = YES;
				INFOPLIST_KEY_UIApplicationSceneManifest_Generation = YES;
				INFOPLIST_KEY_UIApplicationSupportsIndirectInputEvents = YES;
				INFOPLIST_KEY_UILaunchScreen_Generation = YES;
				INFOPLIST_KEY_UISupportedInterfaceOrientations_iPad = "UIInterfaceOrientationPortrait UIInterfaceOrientationPortraitUpsideDown UIInterfaceOrientationLandscapeLeft UIInterfaceOrientationLandscapeRight";
				INFOPLIST_KEY_UISupportedInterfaceOrientations_iPhone = "UIInterfaceOrientationPortrait UIInterfaceOrientationLandscapeLeft UIInterfaceOrientationLandscapeRight";
				LD_RUNPATH_SEARCH_PATHS = (
					"$(inherited)",
					"@executable_path/Frameworks",
				);
				MARKETING_VERSION = 1.0;
				PRODUCT_BUNDLE_IDENTIFIER = app.development.troshko;
				PRODUCT_NAME = "$(TARGET_NAME)";
				SWIFT_EMIT_LOC_STRINGS = YES;
				SWIFT_VERSION = 5.0;
				TARGETED_DEVICE_FAMILY = "1,2";
			};
			name = Debug;
		};
		AFFECE5D2AB79098003FE8B9 /* Release */ = {
			isa = XCBuildConfiguration;
			buildSettings = {
				ASSETCATALOG_COMPILER_APPICON_NAME = AppIcon;
				ASSETCATALOG_COMPILER_GLOBAL_ACCENT_COLOR_NAME = AccentColor;
				CODE_SIGN_STYLE = Automatic;
				CURRENT_PROJECT_VERSION = 1;
				DEVELOPMENT_ASSET_PATHS = "\"Troshko/Preview Content\"";
				DEVELOPMENT_TEAM = GZ7U8T8325;
				ENABLE_PREVIEWS = YES;
				GENERATE_INFOPLIST_FILE = YES;
				INFOPLIST_KEY_UIApplicationSceneManifest_Generation = YES;
				INFOPLIST_KEY_UIApplicationSupportsIndirectInputEvents = YES;
				INFOPLIST_KEY_UILaunchScreen_Generation = YES;
				INFOPLIST_KEY_UISupportedInterfaceOrientations_iPad = "UIInterfaceOrientationPortrait UIInterfaceOrientationPortraitUpsideDown UIInterfaceOrientationLandscapeLeft UIInterfaceOrientationLandscapeRight";
				INFOPLIST_KEY_UISupportedInterfaceOrientations_iPhone = "UIInterfaceOrientationPortrait UIInterfaceOrientationLandscapeLeft UIInterfaceOrientationLandscapeRight";
				LD_RUNPATH_SEARCH_PATHS = (
					"$(inherited)",
					"@executable_path/Frameworks",
				);
				MARKETING_VERSION = 1.0;
				PRODUCT_BUNDLE_IDENTIFIER = app.development.troshko;
				PRODUCT_NAME = "$(TARGET_NAME)";
				SWIFT_EMIT_LOC_STRINGS = YES;
				SWIFT_VERSION = 5.0;
				TARGETED_DEVICE_FAMILY = "1,2";
			};
			name = Release;
		};
/* End XCBuildConfiguration section */

/* Begin XCConfigurationList section */
		AFFECE482AB79097003FE8B9 /* Build configuration list for PBXProject "Troshko" */ = {
			isa = XCConfigurationList;
			buildConfigurations = (
				AFFECE592AB79098003FE8B9 /* Debug */,
				AFFECE5A2AB79098003FE8B9 /* Release */,
			);
			defaultConfigurationIsVisible = 0;
			defaultConfigurationName = Release;
		};
		AFFECE5B2AB79098003FE8B9 /* Build configuration list for PBXNativeTarget "Troshko" */ = {
			isa = XCConfigurationList;
			buildConfigurations = (
				AFFECE5C2AB79098003FE8B9 /* Debug */,
				AFFECE5D2AB79098003FE8B9 /* Release */,
			);
			defaultConfigurationIsVisible = 0;
			defaultConfigurationName = Release;
		};
/* End XCConfigurationList section */

/* Begin XCVersionGroup section */
		AF11CA202AB83F8B00BB21C9 /* TroshkoData.xcdatamodeld */ = {
			isa = XCVersionGroup;
			children = (
				AF11CA212AB83F8B00BB21C9 /* TroshkoData.xcdatamodel */,
			);
			currentVersion = AF11CA212AB83F8B00BB21C9 /* TroshkoData.xcdatamodel */;
			path = TroshkoData.xcdatamodeld;
			sourceTree = "<group>";
			versionGroupType = wrapper.xcdatamodel;
		};
/* End XCVersionGroup section */
	};
	rootObject = AFFECE452AB79097003FE8B9 /* Project object */;
}
