// !$*UTF8*$!
{
	archiveVersion = 1;
	classes = {
	};
	objectVersion = 56;
	objects = {

/* Begin PBXBuildFile section */
		AF11CA1E2AB7B67800BB21C9 /* BadgeView.swift in Sources */ = {isa = PBXBuildFile; fileRef = AF11CA1D2AB7B67800BB21C9 /* BadgeView.swift */; };
		AF11CA222AB83F8B00BB21C9 /* TroshkoData.xcdatamodeld in Sources */ = {isa = PBXBuildFile; fileRef = AF11CA202AB83F8B00BB21C9 /* TroshkoData.xcdatamodeld */; };
		AF11CA292AB840C700BB21C9 /* CoreDataManager.swift in Sources */ = {isa = PBXBuildFile; fileRef = AF11CA282AB840C700BB21C9 /* CoreDataManager.swift */; };
		AF207AE92AC06BBE00CF5009 /* MonthYearPickerView.swift in Sources */ = {isa = PBXBuildFile; fileRef = AF207AE82AC06BBE00CF5009 /* MonthYearPickerView.swift */; };
		AF550F062AC16EA90048152D /* Color + Extensions.swift in Sources */ = {isa = PBXBuildFile; fileRef = AF550F052AC16EA90048152D /* Color + Extensions.swift */; };
		AF550F092AC1B96D0048152D /* Expense+CoreDataClass.swift in Sources */ = {isa = PBXBuildFile; fileRef = AF550F072AC1B96D0048152D /* Expense+CoreDataClass.swift */; };
		AF550F0A2AC1B96D0048152D /* Expense+CoreDataProperties.swift in Sources */ = {isa = PBXBuildFile; fileRef = AF550F082AC1B96D0048152D /* Expense+CoreDataProperties.swift */; };
		AFA2FA382AC06F53002A802B /* Month.swift in Sources */ = {isa = PBXBuildFile; fileRef = AFA2FA372AC06F53002A802B /* Month.swift */; };
		AFA2FA3B2AC06F76002A802B /* MonthlyOverviewModel.swift in Sources */ = {isa = PBXBuildFile; fileRef = AFA2FA3A2AC06F76002A802B /* MonthlyOverviewModel.swift */; };
		AFA2FA3E2AC0713F002A802B /* GroupedExpenses.swift in Sources */ = {isa = PBXBuildFile; fileRef = AFA2FA3D2AC0713F002A802B /* GroupedExpenses.swift */; };
		AFA2FA452AC0A700002A802B /* EmptyStateView.swift in Sources */ = {isa = PBXBuildFile; fileRef = AFA2FA442AC0A700002A802B /* EmptyStateView.swift */; };
		AFA8001E2ABE139C00A7BEE2 /* .swiftlint.yml in Resources */ = {isa = PBXBuildFile; fileRef = AFA8001D2ABE139C00A7BEE2 /* .swiftlint.yml */; };
		AFA8005A2ABF983100A7BEE2 /* MonthlyOverviewView.swift in Sources */ = {isa = PBXBuildFile; fileRef = AFA800592ABF983100A7BEE2 /* MonthlyOverviewView.swift */; };
		AFA8005D2ABF9AF600A7BEE2 /* PieChartView.swift in Sources */ = {isa = PBXBuildFile; fileRef = AFA8005C2ABF9AF600A7BEE2 /* PieChartView.swift */; };
		AFA800612ABFA45200A7BEE2 /* MonthlyOverviewViewModel.swift in Sources */ = {isa = PBXBuildFile; fileRef = AFA800602ABFA45200A7BEE2 /* MonthlyOverviewViewModel.swift */; };
		AFA8007D2AC056AA00A7BEE2 /* Category+CoreDataClass.swift in Sources */ = {isa = PBXBuildFile; fileRef = AFA8007B2AC056AA00A7BEE2 /* Category+CoreDataClass.swift */; };
		AFA8007E2AC056AA00A7BEE2 /* Category+CoreDataProperties.swift in Sources */ = {isa = PBXBuildFile; fileRef = AFA8007C2AC056AA00A7BEE2 /* Category+CoreDataProperties.swift */; };
		AFB9881D2AB8DB2A0068EC3B /* ExpensesViewModel.swift in Sources */ = {isa = PBXBuildFile; fileRef = AFB9881C2AB8DB2A0068EC3B /* ExpensesViewModel.swift */; };
		AFB9881F2AB8E3220068EC3B /* Float + Extensions.swift in Sources */ = {isa = PBXBuildFile; fileRef = AFB9881E2AB8E3220068EC3B /* Float + Extensions.swift */; };
		AFC239EF2ABCA24900384EE7 /* Date + Extensions.swift in Sources */ = {isa = PBXBuildFile; fileRef = AFC239EE2ABCA24900384EE7 /* Date + Extensions.swift */; };
		AFC958312AB8BB48000D6C0B /* CategoriesViewModel.swift in Sources */ = {isa = PBXBuildFile; fileRef = AFC958302AB8BB48000D6C0B /* CategoriesViewModel.swift */; };
		AFC958322AB8BB8B000D6C0B /* String + Extensions.swift in Sources */ = {isa = PBXBuildFile; fileRef = AFFECE7E2AB79AEC003FE8B9 /* String + Extensions.swift */; };
		AFC958542AB8D34A000D6C0B /* AddExpensesViewModel.swift in Sources */ = {isa = PBXBuildFile; fileRef = AFC958532AB8D34A000D6C0B /* AddExpensesViewModel.swift */; };
		AFFECE512AB79097003FE8B9 /* TroshkoApp.swift in Sources */ = {isa = PBXBuildFile; fileRef = AFFECE502AB79097003FE8B9 /* TroshkoApp.swift */; };
		AFFECE552AB79098003FE8B9 /* Assets.xcassets in Resources */ = {isa = PBXBuildFile; fileRef = AFFECE542AB79098003FE8B9 /* Assets.xcassets */; };
		AFFECE582AB79098003FE8B9 /* Preview Assets.xcassets in Resources */ = {isa = PBXBuildFile; fileRef = AFFECE572AB79098003FE8B9 /* Preview Assets.xcassets */; };
		AFFECE6A2AB7926D003FE8B9 /* MainView.swift in Sources */ = {isa = PBXBuildFile; fileRef = AFFECE692AB7926D003FE8B9 /* MainView.swift */; };
		AFFECE6C2AB792BB003FE8B9 /* ExpensesView.swift in Sources */ = {isa = PBXBuildFile; fileRef = AFFECE6B2AB792BB003FE8B9 /* ExpensesView.swift */; };
		AFFECE6E2AB792D1003FE8B9 /* CategoriesView.swift in Sources */ = {isa = PBXBuildFile; fileRef = AFFECE6D2AB792D1003FE8B9 /* CategoriesView.swift */; };
		AFFECE752AB79A97003FE8B9 /* Localizable.strings in Resources */ = {isa = PBXBuildFile; fileRef = AFFECE772AB79A97003FE8B9 /* Localizable.strings */; };
		AFFECE7A2AB79AA4003FE8B9 /* Localizable.strings in Resources */ = {isa = PBXBuildFile; fileRef = AFFECE7C2AB79AA4003FE8B9 /* Localizable.strings */; };
		AFFECE832AB7A2B4003FE8B9 /* ExpenseItemView.swift in Sources */ = {isa = PBXBuildFile; fileRef = AFFECE822AB7A2B4003FE8B9 /* ExpenseItemView.swift */; };
		AFFECE862AB7A575003FE8B9 /* AddExpensesView.swift in Sources */ = {isa = PBXBuildFile; fileRef = AFFECE852AB7A575003FE8B9 /* AddExpensesView.swift */; };
		E140C8EC2ABDA0740076950C /* AddCategoriesView.swift in Sources */ = {isa = PBXBuildFile; fileRef = E140C8EB2ABDA0740076950C /* AddCategoriesView.swift */; };
		E7E2F31E6ABFB3193A358BF4 /* Pods_Troshko.framework in Frameworks */ = {isa = PBXBuildFile; fileRef = C4000A381937E3B328C0CB1F /* Pods_Troshko.framework */; };
/* End PBXBuildFile section */

/* Begin PBXFileReference section */
		7BD37CF395FAC6B3ACDCC455 /* Pods-Troshko.release.xcconfig */ = {isa = PBXFileReference; includeInIndex = 1; lastKnownFileType = text.xcconfig; name = "Pods-Troshko.release.xcconfig"; path = "Target Support Files/Pods-Troshko/Pods-Troshko.release.xcconfig"; sourceTree = "<group>"; };
		AF11CA1D2AB7B67800BB21C9 /* BadgeView.swift */ = {isa = PBXFileReference; lastKnownFileType = sourcecode.swift; path = BadgeView.swift; sourceTree = "<group>"; };
		AF11CA212AB83F8B00BB21C9 /* TroshkoData.xcdatamodel */ = {isa = PBXFileReference; lastKnownFileType = wrapper.xcdatamodel; path = TroshkoData.xcdatamodel; sourceTree = "<group>"; };
		AF11CA282AB840C700BB21C9 /* CoreDataManager.swift */ = {isa = PBXFileReference; lastKnownFileType = sourcecode.swift; path = CoreDataManager.swift; sourceTree = "<group>"; };
		AF207AE82AC06BBE00CF5009 /* MonthYearPickerView.swift */ = {isa = PBXFileReference; lastKnownFileType = sourcecode.swift; path = MonthYearPickerView.swift; sourceTree = "<group>"; };
		AF550F052AC16EA90048152D /* Color + Extensions.swift */ = {isa = PBXFileReference; lastKnownFileType = sourcecode.swift; path = "Color + Extensions.swift"; sourceTree = "<group>"; };
		AF550F072AC1B96D0048152D /* Expense+CoreDataClass.swift */ = {isa = PBXFileReference; lastKnownFileType = sourcecode.swift; name = "Expense+CoreDataClass.swift"; path = "Troshko/CoreData/Expenses/Expense+CoreDataClass.swift"; sourceTree = SOURCE_ROOT; };
		AF550F082AC1B96D0048152D /* Expense+CoreDataProperties.swift */ = {isa = PBXFileReference; lastKnownFileType = sourcecode.swift; name = "Expense+CoreDataProperties.swift"; path = "Troshko/CoreData/Expenses/Expense+CoreDataProperties.swift"; sourceTree = SOURCE_ROOT; };
		AFA2FA372AC06F53002A802B /* Month.swift */ = {isa = PBXFileReference; lastKnownFileType = sourcecode.swift; path = Month.swift; sourceTree = "<group>"; };
		AFA2FA3A2AC06F76002A802B /* MonthlyOverviewModel.swift */ = {isa = PBXFileReference; lastKnownFileType = sourcecode.swift; path = MonthlyOverviewModel.swift; sourceTree = "<group>"; };
		AFA2FA3D2AC0713F002A802B /* GroupedExpenses.swift */ = {isa = PBXFileReference; lastKnownFileType = sourcecode.swift; path = GroupedExpenses.swift; sourceTree = "<group>"; };
		AFA2FA442AC0A700002A802B /* EmptyStateView.swift */ = {isa = PBXFileReference; lastKnownFileType = sourcecode.swift; path = EmptyStateView.swift; sourceTree = "<group>"; };
		AFA8001D2ABE139C00A7BEE2 /* .swiftlint.yml */ = {isa = PBXFileReference; lastKnownFileType = text.yaml; path = .swiftlint.yml; sourceTree = "<group>"; };
		AFA800592ABF983100A7BEE2 /* MonthlyOverviewView.swift */ = {isa = PBXFileReference; lastKnownFileType = sourcecode.swift; path = MonthlyOverviewView.swift; sourceTree = "<group>"; };
		AFA8005C2ABF9AF600A7BEE2 /* PieChartView.swift */ = {isa = PBXFileReference; lastKnownFileType = sourcecode.swift; path = PieChartView.swift; sourceTree = "<group>"; };
		AFA800602ABFA45200A7BEE2 /* MonthlyOverviewViewModel.swift */ = {isa = PBXFileReference; lastKnownFileType = sourcecode.swift; path = MonthlyOverviewViewModel.swift; sourceTree = "<group>"; };
		AFA8007B2AC056AA00A7BEE2 /* Category+CoreDataClass.swift */ = {isa = PBXFileReference; lastKnownFileType = sourcecode.swift; name = "Category+CoreDataClass.swift"; path = "Troshko/CoreData/Categories/Category+CoreDataClass.swift"; sourceTree = SOURCE_ROOT; };
		AFA8007C2AC056AA00A7BEE2 /* Category+CoreDataProperties.swift */ = {isa = PBXFileReference; lastKnownFileType = sourcecode.swift; name = "Category+CoreDataProperties.swift"; path = "Troshko/CoreData/Categories/Category+CoreDataProperties.swift"; sourceTree = SOURCE_ROOT; };
		AFB9881C2AB8DB2A0068EC3B /* ExpensesViewModel.swift */ = {isa = PBXFileReference; lastKnownFileType = sourcecode.swift; path = ExpensesViewModel.swift; sourceTree = "<group>"; };
		AFB9881E2AB8E3220068EC3B /* Float + Extensions.swift */ = {isa = PBXFileReference; lastKnownFileType = sourcecode.swift; path = "Float + Extensions.swift"; sourceTree = "<group>"; };
		AFC239EE2ABCA24900384EE7 /* Date + Extensions.swift */ = {isa = PBXFileReference; lastKnownFileType = sourcecode.swift; path = "Date + Extensions.swift"; sourceTree = "<group>"; };
		AFC958302AB8BB48000D6C0B /* CategoriesViewModel.swift */ = {isa = PBXFileReference; lastKnownFileType = sourcecode.swift; path = CategoriesViewModel.swift; sourceTree = "<group>"; };
		AFC958532AB8D34A000D6C0B /* AddExpensesViewModel.swift */ = {isa = PBXFileReference; lastKnownFileType = sourcecode.swift; path = AddExpensesViewModel.swift; sourceTree = "<group>"; };
		AFFECE4D2AB79097003FE8B9 /* Troshko.app */ = {isa = PBXFileReference; explicitFileType = wrapper.application; includeInIndex = 0; path = Troshko.app; sourceTree = BUILT_PRODUCTS_DIR; };
		AFFECE502AB79097003FE8B9 /* TroshkoApp.swift */ = {isa = PBXFileReference; lastKnownFileType = sourcecode.swift; path = TroshkoApp.swift; sourceTree = "<group>"; };
		AFFECE542AB79098003FE8B9 /* Assets.xcassets */ = {isa = PBXFileReference; lastKnownFileType = folder.assetcatalog; path = Assets.xcassets; sourceTree = "<group>"; };
		AFFECE572AB79098003FE8B9 /* Preview Assets.xcassets */ = {isa = PBXFileReference; lastKnownFileType = folder.assetcatalog; path = "Preview Assets.xcassets"; sourceTree = "<group>"; };
		AFFECE692AB7926D003FE8B9 /* MainView.swift */ = {isa = PBXFileReference; lastKnownFileType = sourcecode.swift; path = MainView.swift; sourceTree = "<group>"; };
		AFFECE6B2AB792BB003FE8B9 /* ExpensesView.swift */ = {isa = PBXFileReference; lastKnownFileType = sourcecode.swift; path = ExpensesView.swift; sourceTree = "<group>"; };
		AFFECE6D2AB792D1003FE8B9 /* CategoriesView.swift */ = {isa = PBXFileReference; lastKnownFileType = sourcecode.swift; path = CategoriesView.swift; sourceTree = "<group>"; };
		AFFECE762AB79A97003FE8B9 /* en */ = {isa = PBXFileReference; lastKnownFileType = text.plist.strings; name = en; path = en.lproj/Localizable.strings; sourceTree = "<group>"; };
		AFFECE7B2AB79AA4003FE8B9 /* bs-BA */ = {isa = PBXFileReference; lastKnownFileType = text.plist.strings; name = "bs-BA"; path = "bs-BA.lproj/Localizable.strings"; sourceTree = "<group>"; };
		AFFECE7E2AB79AEC003FE8B9 /* String + Extensions.swift */ = {isa = PBXFileReference; lastKnownFileType = sourcecode.swift; path = "String + Extensions.swift"; sourceTree = "<group>"; };
		AFFECE822AB7A2B4003FE8B9 /* ExpenseItemView.swift */ = {isa = PBXFileReference; lastKnownFileType = sourcecode.swift; path = ExpenseItemView.swift; sourceTree = "<group>"; };
		AFFECE852AB7A575003FE8B9 /* AddExpensesView.swift */ = {isa = PBXFileReference; lastKnownFileType = sourcecode.swift; path = AddExpensesView.swift; sourceTree = "<group>"; };
		C4000A381937E3B328C0CB1F /* Pods_Troshko.framework */ = {isa = PBXFileReference; explicitFileType = wrapper.framework; includeInIndex = 0; path = Pods_Troshko.framework; sourceTree = BUILT_PRODUCTS_DIR; };
		D520E7BBAF92109EF00259D5 /* Pods-Troshko.debug.xcconfig */ = {isa = PBXFileReference; includeInIndex = 1; lastKnownFileType = text.xcconfig; name = "Pods-Troshko.debug.xcconfig"; path = "Target Support Files/Pods-Troshko/Pods-Troshko.debug.xcconfig"; sourceTree = "<group>"; };
		E140C8EB2ABDA0740076950C /* AddCategoriesView.swift */ = {isa = PBXFileReference; lastKnownFileType = sourcecode.swift; path = AddCategoriesView.swift; sourceTree = "<group>"; };
/* End PBXFileReference section */

/* Begin PBXFrameworksBuildPhase section */
		AFFECE4A2AB79097003FE8B9 /* Frameworks */ = {
			isa = PBXFrameworksBuildPhase;
			buildActionMask = 2147483647;
			files = (
				E7E2F31E6ABFB3193A358BF4 /* Pods_Troshko.framework in Frameworks */,
			);
			runOnlyForDeploymentPostprocessing = 0;
		};
/* End PBXFrameworksBuildPhase section */

/* Begin PBXGroup section */
		2FA9A80A6AC6268AFAC5EC4E /* Frameworks */ = {
			isa = PBXGroup;
			children = (
				C4000A381937E3B328C0CB1F /* Pods_Troshko.framework */,
			);
			name = Frameworks;
			sourceTree = "<group>";
		};
		32805FD70BE5E9550AFA2551 /* Pods */ = {
			isa = PBXGroup;
			children = (
				D520E7BBAF92109EF00259D5 /* Pods-Troshko.debug.xcconfig */,
				7BD37CF395FAC6B3ACDCC455 /* Pods-Troshko.release.xcconfig */,
			);
			path = Pods;
			sourceTree = "<group>";
		};
		AF11CA172AB7B0F800BB21C9 /* Models */ = {
			isa = PBXGroup;
			children = (
			);
			path = Models;
			sourceTree = "<group>";
		};
		AF11CA1C2AB7B67000BB21C9 /* Views */ = {
			isa = PBXGroup;
			children = (
				AF11CA1D2AB7B67800BB21C9 /* BadgeView.swift */,
				AFA2FA442AC0A700002A802B /* EmptyStateView.swift */,
			);
			path = Views;
			sourceTree = "<group>";
		};
		AF11CA1F2AB83DD300BB21C9 /* CoreData */ = {
			isa = PBXGroup;
			children = (
				AF550F0B2AC1B9700048152D /* Expenses */,
				AFA2FA402AC0764E002A802B /* Categories */,
				AF11CA202AB83F8B00BB21C9 /* TroshkoData.xcdatamodeld */,
				AF11CA282AB840C700BB21C9 /* CoreDataManager.swift */,
			);
			path = CoreData;
			sourceTree = "<group>";
		};
		AF550F0B2AC1B9700048152D /* Expenses */ = {
			isa = PBXGroup;
			children = (
				AF550F072AC1B96D0048152D /* Expense+CoreDataClass.swift */,
				AF550F082AC1B96D0048152D /* Expense+CoreDataProperties.swift */,
			);
			path = Expenses;
			sourceTree = "<group>";
		};
		AFA2FA362AC06F4B002A802B /* Models */ = {
			isa = PBXGroup;
			children = (
				AFA2FA372AC06F53002A802B /* Month.swift */,
				AFA2FA3A2AC06F76002A802B /* MonthlyOverviewModel.swift */,
			);
			path = Models;
			sourceTree = "<group>";
		};
		AFA2FA3C2AC07139002A802B /* Models */ = {
			isa = PBXGroup;
			children = (
				AFA2FA3D2AC0713F002A802B /* GroupedExpenses.swift */,
			);
			path = Models;
			sourceTree = "<group>";
		};
		AFA2FA402AC0764E002A802B /* Categories */ = {
			isa = PBXGroup;
			children = (
				AFA8007C2AC056AA00A7BEE2 /* Category+CoreDataProperties.swift */,
				AFA8007B2AC056AA00A7BEE2 /* Category+CoreDataClass.swift */,
			);
			path = Categories;
			sourceTree = "<group>";
		};
		AFA8001C2ABE138D00A7BEE2 /* Config */ = {
			isa = PBXGroup;
			children = (
				AFA8001D2ABE139C00A7BEE2 /* .swiftlint.yml */,
			);
			path = Config;
			sourceTree = "<group>";
		};
		AFA800562ABF980500A7BEE2 /* MonthlyOverview */ = {
			isa = PBXGroup;
			children = (
				AFA2FA362AC06F4B002A802B /* Models */,
				AFA8005F2ABFA44000A7BEE2 /* ViewModel */,
				AFA8005B2ABF9A9C00A7BEE2 /* Views */,
				AFA800592ABF983100A7BEE2 /* MonthlyOverviewView.swift */,
			);
			path = MonthlyOverview;
			sourceTree = "<group>";
		};
		AFA8005B2ABF9A9C00A7BEE2 /* Views */ = {
			isa = PBXGroup;
			children = (
				AFA8005C2ABF9AF600A7BEE2 /* PieChartView.swift */,
				AF207AE82AC06BBE00CF5009 /* MonthYearPickerView.swift */,
			);
			path = Views;
			sourceTree = "<group>";
		};
		AFA8005F2ABFA44000A7BEE2 /* ViewModel */ = {
			isa = PBXGroup;
			children = (
				AFA800602ABFA45200A7BEE2 /* MonthlyOverviewViewModel.swift */,
			);
			path = ViewModel;
			sourceTree = "<group>";
		};
		AFB9881B2AB8DB1D0068EC3B /* ViewModel */ = {
			isa = PBXGroup;
			children = (
				AFB9881C2AB8DB2A0068EC3B /* ExpensesViewModel.swift */,
			);
			path = ViewModel;
			sourceTree = "<group>";
		};
		AFC9582F2AB8BB38000D6C0B /* ViewModel */ = {
			isa = PBXGroup;
			children = (
				AFC958302AB8BB48000D6C0B /* CategoriesViewModel.swift */,
			);
			path = ViewModel;
			sourceTree = "<group>";
		};
		AFC958522AB8D33F000D6C0B /* ViewModel */ = {
			isa = PBXGroup;
			children = (
				AFC958532AB8D34A000D6C0B /* AddExpensesViewModel.swift */,
			);
			path = ViewModel;
			sourceTree = "<group>";
		};
		AFFECE442AB79097003FE8B9 = {
			isa = PBXGroup;
			children = (
				AFFECE4F2AB79097003FE8B9 /* Troshko */,
				AFFECE4E2AB79097003FE8B9 /* Products */,
				32805FD70BE5E9550AFA2551 /* Pods */,
				2FA9A80A6AC6268AFAC5EC4E /* Frameworks */,
			);
			sourceTree = "<group>";
		};
		AFFECE4E2AB79097003FE8B9 /* Products */ = {
			isa = PBXGroup;
			children = (
				AFFECE4D2AB79097003FE8B9 /* Troshko.app */,
			);
			name = Products;
			sourceTree = "<group>";
		};
		AFFECE4F2AB79097003FE8B9 /* Troshko */ = {
			isa = PBXGroup;
			children = (
				AFA8001C2ABE138D00A7BEE2 /* Config */,
				AF11CA1F2AB83DD300BB21C9 /* CoreData */,
				AFFECE642AB79110003FE8B9 /* Resources */,
				AFFECE632AB7910D003FE8B9 /* Common */,
				AFFECE5E2AB790F0003FE8B9 /* Modules */,
				AFFECE502AB79097003FE8B9 /* TroshkoApp.swift */,
				AFFECE542AB79098003FE8B9 /* Assets.xcassets */,
				AFFECE562AB79098003FE8B9 /* Preview Content */,
			);
			path = Troshko;
			sourceTree = "<group>";
		};
		AFFECE562AB79098003FE8B9 /* Preview Content */ = {
			isa = PBXGroup;
			children = (
				AFFECE572AB79098003FE8B9 /* Preview Assets.xcassets */,
			);
			path = "Preview Content";
			sourceTree = "<group>";
		};
		AFFECE5E2AB790F0003FE8B9 /* Modules */ = {
			isa = PBXGroup;
			children = (
				AFA800562ABF980500A7BEE2 /* MonthlyOverview */,
				AFFECE662AB791EA003FE8B9 /* Main */,
				AFFECE622AB79100003FE8B9 /* Chart */,
				AFFECE612AB790F8003FE8B9 /* Categories */,
				AFFECE5F2AB790F2003FE8B9 /* Expenses */,
			);
			path = Modules;
			sourceTree = "<group>";
		};
		AFFECE5F2AB790F2003FE8B9 /* Expenses */ = {
			isa = PBXGroup;
			children = (
				AFA2FA3C2AC07139002A802B /* Models */,
				AFB9881B2AB8DB1D0068EC3B /* ViewModel */,
				AFFECE842AB7A568003FE8B9 /* Add expenses */,
				AFFECE802AB7A29A003FE8B9 /* Views */,
				AFFECE6B2AB792BB003FE8B9 /* ExpensesView.swift */,
			);
			path = Expenses;
			sourceTree = "<group>";
		};
		AFFECE612AB790F8003FE8B9 /* Categories */ = {
			isa = PBXGroup;
			children = (
				E140C8EA2ABDA03A0076950C /* AddCategories */,
				AFC9582F2AB8BB38000D6C0B /* ViewModel */,
				AFFECE6D2AB792D1003FE8B9 /* CategoriesView.swift */,
			);
			path = Categories;
			sourceTree = "<group>";
		};
		AFFECE622AB79100003FE8B9 /* Chart */ = {
			isa = PBXGroup;
			children = (
			);
			path = Chart;
			sourceTree = "<group>";
		};
		AFFECE632AB7910D003FE8B9 /* Common */ = {
			isa = PBXGroup;
			children = (
				AF11CA1C2AB7B67000BB21C9 /* Views */,
				AFFECE7D2AB79AE2003FE8B9 /* Extensions */,
			);
			path = Common;
			sourceTree = "<group>";
		};
		AFFECE642AB79110003FE8B9 /* Resources */ = {
			isa = PBXGroup;
			children = (
				AFFECE722AB79A84003FE8B9 /* Localization */,
			);
			path = Resources;
			sourceTree = "<group>";
		};
		AFFECE662AB791EA003FE8B9 /* Main */ = {
			isa = PBXGroup;
			children = (
				AFFECE692AB7926D003FE8B9 /* MainView.swift */,
			);
			path = Main;
			sourceTree = "<group>";
		};
		AFFECE722AB79A84003FE8B9 /* Localization */ = {
			isa = PBXGroup;
			children = (
				AFFECE772AB79A97003FE8B9 /* Localizable.strings */,
				AFFECE7C2AB79AA4003FE8B9 /* Localizable.strings */,
			);
			path = Localization;
			sourceTree = "<group>";
		};
		AFFECE7D2AB79AE2003FE8B9 /* Extensions */ = {
			isa = PBXGroup;
			children = (
				AFFECE7E2AB79AEC003FE8B9 /* String + Extensions.swift */,
				AFB9881E2AB8E3220068EC3B /* Float + Extensions.swift */,
				AFC239EE2ABCA24900384EE7 /* Date + Extensions.swift */,
				AF550F052AC16EA90048152D /* Color + Extensions.swift */,
			);
			path = Extensions;
			sourceTree = "<group>";
		};
		AFFECE802AB7A29A003FE8B9 /* Views */ = {
			isa = PBXGroup;
			children = (
				AFFECE822AB7A2B4003FE8B9 /* ExpenseItemView.swift */,
			);
			path = Views;
			sourceTree = "<group>";
		};
		AFFECE842AB7A568003FE8B9 /* Add expenses */ = {
			isa = PBXGroup;
			children = (
				AFC958522AB8D33F000D6C0B /* ViewModel */,
				AF11CA172AB7B0F800BB21C9 /* Models */,
				AFFECE852AB7A575003FE8B9 /* AddExpensesView.swift */,
			);
			path = "Add expenses";
			sourceTree = "<group>";
		};
		E140C8EA2ABDA03A0076950C /* AddCategories */ = {
			isa = PBXGroup;
			children = (
				E140C8EB2ABDA0740076950C /* AddCategoriesView.swift */,
			);
			path = AddCategories;
			sourceTree = "<group>";
		};
/* End PBXGroup section */

/* Begin PBXNativeTarget section */
		AFFECE4C2AB79097003FE8B9 /* Troshko */ = {
			isa = PBXNativeTarget;
			buildConfigurationList = AFFECE5B2AB79098003FE8B9 /* Build configuration list for PBXNativeTarget "Troshko" */;
			buildPhases = (
				D10542C9449CB1EAF80C7663 /* [CP] Check Pods Manifest.lock */,
				AFFECE492AB79097003FE8B9 /* Sources */,
				AFFECE4A2AB79097003FE8B9 /* Frameworks */,
				AFFECE4B2AB79097003FE8B9 /* Resources */,
				AFA8001B2ABE12F900A7BEE2 /* SwiftLint */,
				FB5A39CAB7EAB049FB81E7C0 /* [CP] Embed Pods Frameworks */,
			);
			buildRules = (
			);
			dependencies = (
			);
			name = Troshko;
			productName = Troshko;
			productReference = AFFECE4D2AB79097003FE8B9 /* Troshko.app */;
			productType = "com.apple.product-type.application";
		};
/* End PBXNativeTarget section */

/* Begin PBXProject section */
		AFFECE452AB79097003FE8B9 /* Project object */ = {
			isa = PBXProject;
			attributes = {
				BuildIndependentTargetsInParallel = 1;
				LastSwiftUpdateCheck = 1430;
				LastUpgradeCheck = 1430;
				TargetAttributes = {
					AFFECE4C2AB79097003FE8B9 = {
						CreatedOnToolsVersion = 14.3.1;
					};
				};
			};
			buildConfigurationList = AFFECE482AB79097003FE8B9 /* Build configuration list for PBXProject "Troshko" */;
			compatibilityVersion = "Xcode 14.0";
			developmentRegion = en;
			hasScannedForEncodings = 0;
			knownRegions = (
				en,
				Base,
				"bs-BA",
			);
			mainGroup = AFFECE442AB79097003FE8B9;
			productRefGroup = AFFECE4E2AB79097003FE8B9 /* Products */;
			projectDirPath = "";
			projectRoot = "";
			targets = (
				AFFECE4C2AB79097003FE8B9 /* Troshko */,
			);
		};
/* End PBXProject section */

/* Begin PBXResourcesBuildPhase section */
		AFFECE4B2AB79097003FE8B9 /* Resources */ = {
			isa = PBXResourcesBuildPhase;
			buildActionMask = 2147483647;
			files = (
				AFA8001E2ABE139C00A7BEE2 /* .swiftlint.yml in Resources */,
				AFFECE582AB79098003FE8B9 /* Preview Assets.xcassets in Resources */,
				AFFECE7A2AB79AA4003FE8B9 /* Localizable.strings in Resources */,
				AFFECE752AB79A97003FE8B9 /* Localizable.strings in Resources */,
				AFFECE552AB79098003FE8B9 /* Assets.xcassets in Resources */,
			);
			runOnlyForDeploymentPostprocessing = 0;
		};
/* End PBXResourcesBuildPhase section */

/* Begin PBXShellScriptBuildPhase section */
		AFA8001B2ABE12F900A7BEE2 /* SwiftLint */ = {
			isa = PBXShellScriptBuildPhase;
			alwaysOutOfDate = 1;
			buildActionMask = 2147483647;
			files = (
			);
			inputFileListPaths = (
			);
			inputPaths = (
			);
			name = SwiftLint;
			outputFileListPaths = (
			);
			outputPaths = (
			);
			runOnlyForDeploymentPostprocessing = 0;
			shellPath = /bin/sh;
			shellScript = "\"${PODS_ROOT}/SwiftLint/swiftlint\" --config \"${SRCROOT}/Troshko/Config/.swiftlint.yml\"\necho ${SRCROOT}\n";
		};
		D10542C9449CB1EAF80C7663 /* [CP] Check Pods Manifest.lock */ = {
			isa = PBXShellScriptBuildPhase;
			buildActionMask = 2147483647;
			files = (
			);
			inputFileListPaths = (
			);
			inputPaths = (
				"${PODS_PODFILE_DIR_PATH}/Podfile.lock",
				"${PODS_ROOT}/Manifest.lock",
			);
			name = "[CP] Check Pods Manifest.lock";
			outputFileListPaths = (
			);
			outputPaths = (
				"$(DERIVED_FILE_DIR)/Pods-Troshko-checkManifestLockResult.txt",
			);
			runOnlyForDeploymentPostprocessing = 0;
			shellPath = /bin/sh;
			shellScript = "diff \"${PODS_PODFILE_DIR_PATH}/Podfile.lock\" \"${PODS_ROOT}/Manifest.lock\" > /dev/null\nif [ $? != 0 ] ; then\n    # print error to STDERR\n    echo \"error: The sandbox is not in sync with the Podfile.lock. Run 'pod install' or update your CocoaPods installation.\" >&2\n    exit 1\nfi\n# This output is used by Xcode 'outputs' to avoid re-running this script phase.\necho \"SUCCESS\" > \"${SCRIPT_OUTPUT_FILE_0}\"\n";
			showEnvVarsInLog = 0;
		};
		FB5A39CAB7EAB049FB81E7C0 /* [CP] Embed Pods Frameworks */ = {
			isa = PBXShellScriptBuildPhase;
			buildActionMask = 2147483647;
			files = (
			);
			inputFileListPaths = (
				"${PODS_ROOT}/Target Support Files/Pods-Troshko/Pods-Troshko-frameworks-${CONFIGURATION}-input-files.xcfilelist",
			);
			name = "[CP] Embed Pods Frameworks";
			outputFileListPaths = (
				"${PODS_ROOT}/Target Support Files/Pods-Troshko/Pods-Troshko-frameworks-${CONFIGURATION}-output-files.xcfilelist",
			);
			runOnlyForDeploymentPostprocessing = 0;
			shellPath = /bin/sh;
			shellScript = "\"${PODS_ROOT}/Target Support Files/Pods-Troshko/Pods-Troshko-frameworks.sh\"\n";
			showEnvVarsInLog = 0;
		};
/* End PBXShellScriptBuildPhase section */

/* Begin PBXSourcesBuildPhase section */
		AFFECE492AB79097003FE8B9 /* Sources */ = {
			isa = PBXSourcesBuildPhase;
			buildActionMask = 2147483647;
			files = (
				AFC958322AB8BB8B000D6C0B /* String + Extensions.swift in Sources */,
				AF550F062AC16EA90048152D /* Color + Extensions.swift in Sources */,
				AFC958542AB8D34A000D6C0B /* AddExpensesViewModel.swift in Sources */,
				AF11CA222AB83F8B00BB21C9 /* TroshkoData.xcdatamodeld in Sources */,
				AFFECE6A2AB7926D003FE8B9 /* MainView.swift in Sources */,
				AFA8005D2ABF9AF600A7BEE2 /* PieChartView.swift in Sources */,
				E140C8EC2ABDA0740076950C /* AddCategoriesView.swift in Sources */,
				AFFECE512AB79097003FE8B9 /* TroshkoApp.swift in Sources */,
				AFA2FA382AC06F53002A802B /* Month.swift in Sources */,
				AFA8007E2AC056AA00A7BEE2 /* Category+CoreDataProperties.swift in Sources */,
				AFFECE6E2AB792D1003FE8B9 /* CategoriesView.swift in Sources */,
				AFFECE6C2AB792BB003FE8B9 /* ExpensesView.swift in Sources */,
				AF207AE92AC06BBE00CF5009 /* MonthYearPickerView.swift in Sources */,
				AFA2FA3B2AC06F76002A802B /* MonthlyOverviewModel.swift in Sources */,
				AF550F092AC1B96D0048152D /* Expense+CoreDataClass.swift in Sources */,
				AFA800612ABFA45200A7BEE2 /* MonthlyOverviewViewModel.swift in Sources */,
				AFA2FA452AC0A700002A802B /* EmptyStateView.swift in Sources */,
				AF11CA292AB840C700BB21C9 /* CoreDataManager.swift in Sources */,
				AF550F0A2AC1B96D0048152D /* Expense+CoreDataProperties.swift in Sources */,
				AFFECE832AB7A2B4003FE8B9 /* ExpenseItemView.swift in Sources */,
				AFA8005A2ABF983100A7BEE2 /* MonthlyOverviewView.swift in Sources */,
				AFA8007D2AC056AA00A7BEE2 /* Category+CoreDataClass.swift in Sources */,
				AFC239EF2ABCA24900384EE7 /* Date + Extensions.swift in Sources */,
				AF11CA1E2AB7B67800BB21C9 /* BadgeView.swift in Sources */,
				AFB9881D2AB8DB2A0068EC3B /* ExpensesViewModel.swift in Sources */,
				AFA2FA3E2AC0713F002A802B /* GroupedExpenses.swift in Sources */,
				AFC958312AB8BB48000D6C0B /* CategoriesViewModel.swift in Sources */,
				AFB9881F2AB8E3220068EC3B /* Float + Extensions.swift in Sources */,
				AFFECE862AB7A575003FE8B9 /* AddExpensesView.swift in Sources */,
			);
			runOnlyForDeploymentPostprocessing = 0;
		};
/* End PBXSourcesBuildPhase section */

/* Begin PBXVariantGroup section */
		AFFECE772AB79A97003FE8B9 /* Localizable.strings */ = {
			isa = PBXVariantGroup;
			children = (
				AFFECE762AB79A97003FE8B9 /* en */,
			);
			name = Localizable.strings;
			sourceTree = "<group>";
		};
		AFFECE7C2AB79AA4003FE8B9 /* Localizable.strings */ = {
			isa = PBXVariantGroup;
			children = (
				AFFECE7B2AB79AA4003FE8B9 /* bs-BA */,
			);
			name = Localizable.strings;
			sourceTree = "<group>";
		};
/* End PBXVariantGroup section */

/* Begin XCBuildConfiguration section */
		AFFECE592AB79098003FE8B9 /* Debug */ = {
			isa = XCBuildConfiguration;
			buildSettings = {
				ALWAYS_SEARCH_USER_PATHS = NO;
				CLANG_ANALYZER_NONNULL = YES;
				CLANG_ANALYZER_NUMBER_OBJECT_CONVERSION = YES_AGGRESSIVE;
				CLANG_CXX_LANGUAGE_STANDARD = "gnu++20";
				CLANG_ENABLE_MODULES = YES;
				CLANG_ENABLE_OBJC_ARC = YES;
				CLANG_ENABLE_OBJC_WEAK = YES;
				CLANG_WARN_BLOCK_CAPTURE_AUTORELEASING = YES;
				CLANG_WARN_BOOL_CONVERSION = YES;
				CLANG_WARN_COMMA = YES;
				CLANG_WARN_CONSTANT_CONVERSION = YES;
				CLANG_WARN_DEPRECATED_OBJC_IMPLEMENTATIONS = YES;
				CLANG_WARN_DIRECT_OBJC_ISA_USAGE = YES_ERROR;
				CLANG_WARN_DOCUMENTATION_COMMENTS = YES;
				CLANG_WARN_EMPTY_BODY = YES;
				CLANG_WARN_ENUM_CONVERSION = YES;
				CLANG_WARN_INFINITE_RECURSION = YES;
				CLANG_WARN_INT_CONVERSION = YES;
				CLANG_WARN_NON_LITERAL_NULL_CONVERSION = YES;
				CLANG_WARN_OBJC_IMPLICIT_RETAIN_SELF = YES;
				CLANG_WARN_OBJC_LITERAL_CONVERSION = YES;
				CLANG_WARN_OBJC_ROOT_CLASS = YES_ERROR;
				CLANG_WARN_QUOTED_INCLUDE_IN_FRAMEWORK_HEADER = YES;
				CLANG_WARN_RANGE_LOOP_ANALYSIS = YES;
				CLANG_WARN_STRICT_PROTOTYPES = YES;
				CLANG_WARN_SUSPICIOUS_MOVE = YES;
				CLANG_WARN_UNGUARDED_AVAILABILITY = YES_AGGRESSIVE;
				CLANG_WARN_UNREACHABLE_CODE = YES;
				CLANG_WARN__DUPLICATE_METHOD_MATCH = YES;
				COPY_PHASE_STRIP = NO;
				DEBUG_INFORMATION_FORMAT = dwarf;
				ENABLE_STRICT_OBJC_MSGSEND = YES;
				ENABLE_TESTABILITY = YES;
				GCC_C_LANGUAGE_STANDARD = gnu11;
				GCC_DYNAMIC_NO_PIC = NO;
				GCC_NO_COMMON_BLOCKS = YES;
				GCC_OPTIMIZATION_LEVEL = 0;
				GCC_PREPROCESSOR_DEFINITIONS = (
					"DEBUG=1",
					"$(inherited)",
				);
				GCC_WARN_64_TO_32_BIT_CONVERSION = YES;
				GCC_WARN_ABOUT_RETURN_TYPE = YES_ERROR;
				GCC_WARN_UNDECLARED_SELECTOR = YES;
				GCC_WARN_UNINITIALIZED_AUTOS = YES_AGGRESSIVE;
				GCC_WARN_UNUSED_FUNCTION = YES;
				GCC_WARN_UNUSED_VARIABLE = YES;
				IPHONEOS_DEPLOYMENT_TARGET = 16.4;
				MTL_ENABLE_DEBUG_INFO = INCLUDE_SOURCE;
				MTL_FAST_MATH = YES;
				ONLY_ACTIVE_ARCH = YES;
				SDKROOT = iphoneos;
				SWIFT_ACTIVE_COMPILATION_CONDITIONS = DEBUG;
				SWIFT_OPTIMIZATION_LEVEL = "-Onone";
			};
			name = Debug;
		};
		AFFECE5A2AB79098003FE8B9 /* Release */ = {
			isa = XCBuildConfiguration;
			buildSettings = {
				ALWAYS_SEARCH_USER_PATHS = NO;
				CLANG_ANALYZER_NONNULL = YES;
				CLANG_ANALYZER_NUMBER_OBJECT_CONVERSION = YES_AGGRESSIVE;
				CLANG_CXX_LANGUAGE_STANDARD = "gnu++20";
				CLANG_ENABLE_MODULES = YES;
				CLANG_ENABLE_OBJC_ARC = YES;
				CLANG_ENABLE_OBJC_WEAK = YES;
				CLANG_WARN_BLOCK_CAPTURE_AUTORELEASING = YES;
				CLANG_WARN_BOOL_CONVERSION = YES;
				CLANG_WARN_COMMA = YES;
				CLANG_WARN_CONSTANT_CONVERSION = YES;
				CLANG_WARN_DEPRECATED_OBJC_IMPLEMENTATIONS = YES;
				CLANG_WARN_DIRECT_OBJC_ISA_USAGE = YES_ERROR;
				CLANG_WARN_DOCUMENTATION_COMMENTS = YES;
				CLANG_WARN_EMPTY_BODY = YES;
				CLANG_WARN_ENUM_CONVERSION = YES;
				CLANG_WARN_INFINITE_RECURSION = YES;
				CLANG_WARN_INT_CONVERSION = YES;
				CLANG_WARN_NON_LITERAL_NULL_CONVERSION = YES;
				CLANG_WARN_OBJC_IMPLICIT_RETAIN_SELF = YES;
				CLANG_WARN_OBJC_LITERAL_CONVERSION = YES;
				CLANG_WARN_OBJC_ROOT_CLASS = YES_ERROR;
				CLANG_WARN_QUOTED_INCLUDE_IN_FRAMEWORK_HEADER = YES;
				CLANG_WARN_RANGE_LOOP_ANALYSIS = YES;
				CLANG_WARN_STRICT_PROTOTYPES = YES;
				CLANG_WARN_SUSPICIOUS_MOVE = YES;
				CLANG_WARN_UNGUARDED_AVAILABILITY = YES_AGGRESSIVE;
				CLANG_WARN_UNREACHABLE_CODE = YES;
				CLANG_WARN__DUPLICATE_METHOD_MATCH = YES;
				COPY_PHASE_STRIP = NO;
				DEBUG_INFORMATION_FORMAT = "dwarf-with-dsym";
				ENABLE_NS_ASSERTIONS = NO;
				ENABLE_STRICT_OBJC_MSGSEND = YES;
				GCC_C_LANGUAGE_STANDARD = gnu11;
				GCC_NO_COMMON_BLOCKS = YES;
				GCC_WARN_64_TO_32_BIT_CONVERSION = YES;
				GCC_WARN_ABOUT_RETURN_TYPE = YES_ERROR;
				GCC_WARN_UNDECLARED_SELECTOR = YES;
				GCC_WARN_UNINITIALIZED_AUTOS = YES_AGGRESSIVE;
				GCC_WARN_UNUSED_FUNCTION = YES;
				GCC_WARN_UNUSED_VARIABLE = YES;
				IPHONEOS_DEPLOYMENT_TARGET = 16.4;
				MTL_ENABLE_DEBUG_INFO = NO;
				MTL_FAST_MATH = YES;
				SDKROOT = iphoneos;
				SWIFT_COMPILATION_MODE = wholemodule;
				SWIFT_OPTIMIZATION_LEVEL = "-O";
				VALIDATE_PRODUCT = YES;
			};
			name = Release;
		};
		AFFECE5C2AB79098003FE8B9 /* Debug */ = {
			isa = XCBuildConfiguration;
			baseConfigurationReference = D520E7BBAF92109EF00259D5 /* Pods-Troshko.debug.xcconfig */;
			buildSettings = {
				ASSETCATALOG_COMPILER_APPICON_NAME = AppIcon;
				ASSETCATALOG_COMPILER_GLOBAL_ACCENT_COLOR_NAME = AccentColor;
				CODE_SIGN_STYLE = Automatic;
				CURRENT_PROJECT_VERSION = 1;
				DEVELOPMENT_ASSET_PATHS = "\"Troshko/Preview Content\"";
				DEVELOPMENT_TEAM = GZ7U8T8325;
				ENABLE_PREVIEWS = YES;
				GENERATE_INFOPLIST_FILE = YES;
				INFOPLIST_KEY_UIApplicationSceneManifest_Generation = YES;
				INFOPLIST_KEY_UIApplicationSupportsIndirectInputEvents = YES;
				INFOPLIST_KEY_UILaunchScreen_Generation = YES;
				INFOPLIST_KEY_UISupportedInterfaceOrientations_iPad = "UIInterfaceOrientationPortrait UIInterfaceOrientationPortraitUpsideDown UIInterfaceOrientationLandscapeLeft UIInterfaceOrientationLandscapeRight";
				INFOPLIST_KEY_UISupportedInterfaceOrientations_iPhone = "UIInterfaceOrientationPortrait UIInterfaceOrientationLandscapeLeft UIInterfaceOrientationLandscapeRight";
				LD_RUNPATH_SEARCH_PATHS = (
					"$(inherited)",
					"@executable_path/Frameworks",
				);
				MARKETING_VERSION = 1.0;
				PRODUCT_BUNDLE_IDENTIFIER = app.development.troshko;
				PRODUCT_NAME = "$(TARGET_NAME)";
				SWIFT_EMIT_LOC_STRINGS = YES;
				SWIFT_VERSION = 5.0;
				TARGETED_DEVICE_FAMILY = "1,2";
			};
			name = Debug;
		};
		AFFECE5D2AB79098003FE8B9 /* Release */ = {
			isa = XCBuildConfiguration;
			baseConfigurationReference = 7BD37CF395FAC6B3ACDCC455 /* Pods-Troshko.release.xcconfig */;
			buildSettings = {
				ASSETCATALOG_COMPILER_APPICON_NAME = AppIcon;
				ASSETCATALOG_COMPILER_GLOBAL_ACCENT_COLOR_NAME = AccentColor;
				CODE_SIGN_STYLE = Automatic;
				CURRENT_PROJECT_VERSION = 1;
				DEVELOPMENT_ASSET_PATHS = "\"Troshko/Preview Content\"";
				DEVELOPMENT_TEAM = GZ7U8T8325;
				ENABLE_PREVIEWS = YES;
				GENERATE_INFOPLIST_FILE = YES;
				INFOPLIST_KEY_UIApplicationSceneManifest_Generation = YES;
				INFOPLIST_KEY_UIApplicationSupportsIndirectInputEvents = YES;
				INFOPLIST_KEY_UILaunchScreen_Generation = YES;
				INFOPLIST_KEY_UISupportedInterfaceOrientations_iPad = "UIInterfaceOrientationPortrait UIInterfaceOrientationPortraitUpsideDown UIInterfaceOrientationLandscapeLeft UIInterfaceOrientationLandscapeRight";
				INFOPLIST_KEY_UISupportedInterfaceOrientations_iPhone = "UIInterfaceOrientationPortrait UIInterfaceOrientationLandscapeLeft UIInterfaceOrientationLandscapeRight";
				LD_RUNPATH_SEARCH_PATHS = (
					"$(inherited)",
					"@executable_path/Frameworks",
				);
				MARKETING_VERSION = 1.0;
				PRODUCT_BUNDLE_IDENTIFIER = app.development.troshko;
				PRODUCT_NAME = "$(TARGET_NAME)";
				SWIFT_EMIT_LOC_STRINGS = YES;
				SWIFT_VERSION = 5.0;
				TARGETED_DEVICE_FAMILY = "1,2";
			};
			name = Release;
		};
/* End XCBuildConfiguration section */

/* Begin XCConfigurationList section */
		AFFECE482AB79097003FE8B9 /* Build configuration list for PBXProject "Troshko" */ = {
			isa = XCConfigurationList;
			buildConfigurations = (
				AFFECE592AB79098003FE8B9 /* Debug */,
				AFFECE5A2AB79098003FE8B9 /* Release */,
			);
			defaultConfigurationIsVisible = 0;
			defaultConfigurationName = Release;
		};
		AFFECE5B2AB79098003FE8B9 /* Build configuration list for PBXNativeTarget "Troshko" */ = {
			isa = XCConfigurationList;
			buildConfigurations = (
				AFFECE5C2AB79098003FE8B9 /* Debug */,
				AFFECE5D2AB79098003FE8B9 /* Release */,
			);
			defaultConfigurationIsVisible = 0;
			defaultConfigurationName = Release;
		};
/* End XCConfigurationList section */

/* Begin XCVersionGroup section */
		AF11CA202AB83F8B00BB21C9 /* TroshkoData.xcdatamodeld */ = {
			isa = XCVersionGroup;
			children = (
				AF11CA212AB83F8B00BB21C9 /* TroshkoData.xcdatamodel */,
			);
			currentVersion = AF11CA212AB83F8B00BB21C9 /* TroshkoData.xcdatamodel */;
			path = TroshkoData.xcdatamodeld;
			sourceTree = "<group>";
			versionGroupType = wrapper.xcdatamodel;
		};
/* End XCVersionGroup section */
	};
	rootObject = AFFECE452AB79097003FE8B9 /* Project object */;
}
