{
  "originHash" : "2d0bdb3353943f53c8b3325d4495584af4d286d5dca9f17131c11b828cbdf9ae",
  "pins" : [
    {
      "identity" : "charts",
      "kind" : "remoteSourceControl",
      "location" : "https://github.com/danielgindi/Charts.git",
      "state" : {
        "revision" : "dd9c72e3d7e751e769971092a6bd72d39198ae63",
        "version" : "5.1.0"
      }
    },
    {
      "identity" : "lottie-ios",
      "kind" : "remoteSourceControl",
      "location" : "https://github.com/airbnb/lottie-ios",
      "state" : {
        "revision" : "0cb03fd7564d27345bcd96144b811e56212949c6",
        "version" : "4.6.0"
      }
    },
    {
      "identity" : "swiftlintplugins",
      "kind" : "remoteSourceControl",
      "location" : "https://github.com/SimplyDanny/SwiftLintPlugins",
      "state" : {
        "revision" : "8a4640d14777685ba8f14e832373160498fbab92",
        "version" : "0.63.2"
      }
    }
  ],
  "version" : 3
}
